
Microsoft Visual Studio Solution File, Format Version 12.00
# Visual Studio 15
VisualStudioVersion = 15.0.28010.2036
MinimumVisualStudioVersion = 10.0.40219.1
Project("{FAE04EC0-301F-11D3-BF4B-00C04F79EFBC}") = "WordMergeUtility", "WordMergeUtility\WordMergeUtility.csproj", "{2BF1E1A4-E192-4DE9-B8F5-F596FBFC8E46}"
EndProject
Global
	GlobalSection(SolutionConfigurationPlatforms) = preSolution
		Debug|Any CPU = Debug|Any CPU
		Release|Any CPU = Release|Any CPU
	EndGlobalSection
	GlobalSection(ProjectConfigurationPlatforms) = postSolution
		{2BF1E1A4-E192-4DE9-B8F5-F596FBFC8E46}.Debug|Any CPU.ActiveCfg = Debug|Any CPU
		{2BF1E1A4-E192-4DE9-B8F5-F596FBFC8E46}.Debug|Any CPU.Build.0 = Debug|Any CPU
		{2BF1E1A4-E192-4DE9-B8F5-F596FBFC8E46}.Release|Any CPU.ActiveCfg = Release|Any CPU
		{2BF1E1A4-E192-4DE9-B8F5-F596FBFC8E46}.Release|Any CPU.Build.0 = Release|Any CPU
	EndGlobalSection
	GlobalSection(SolutionProperties) = preSolution
		HideSolutionNode = FALSE
	EndGlobalSection
	GlobalSection(ExtensibilityGlobals) = postSolution
		SolutionGuid = {538AC6B9-8188-40BF-952A-946484092F76}
	EndGlobalSection
EndGlobal
